
Microsoft Visual Studio Solution File, Format Version 12.00
# Visual Studio Version 16
VisualStudioVersion = 16.0.34407.143
MinimumVisualStudioVersion = 10.0.40219.1
Project("{FAE04EC0-301F-11D3-BF4B-00C04F79EFBC}") = "MainMethodAssignment", "MainMethodAssignment\MainMethodAssignment.csproj", "{60A4E05F-186F-4B6F-B306-E759B9DD1A19}"
EndProject
Global
	GlobalSection(SolutionConfigurationPlatforms) = preSolution
		Debug|Any CPU = Debug|Any CPU
		Release|Any CPU = Release|Any CPU
	EndGlobalSection
	GlobalSection(ProjectConfigurationPlatforms) = postSolution
		{60A4E05F-186F-4B6F-B306-E759B9DD1A19}.Debug|Any CPU.ActiveCfg = Debug|Any CPU
		{60A4E05F-186F-4B6F-B306-E759B9DD1A19}.Debug|Any CPU.Build.0 = Debug|Any CPU
		{60A4E05F-186F-4B6F-B306-E759B9DD1A19}.Release|Any CPU.ActiveCfg = Release|Any CPU
		{60A4E05F-186F-4B6F-B306-E759B9DD1A19}.Release|Any CPU.Build.0 = Release|Any CPU
	EndGlobalSection
	GlobalSection(SolutionProperties) = preSolution
		HideSolutionNode = FALSE
	EndGlobalSection
	GlobalSection(ExtensibilityGlobals) = postSolution
		SolutionGuid = {0C439668-0D5A-4FEB-8C6E-AD49581AEB8E}
	EndGlobalSection
EndGlobal
